Microsoft Visual Studio Solution File, Format Version 12.00
# Visual Studio Version 17
VisualStudioVersion = 17.5.2.0
MinimumVisualStudioVersion = 10.0.40219.1
Project("{2150E333-8FDC-42A3-9474-1A3956D46DE8}") = "samples", "samples", "{5D20AA90-6969-D8BD-9DCD-8634F4692FDA}"
EndProject
Project("{2150E333-8FDC-42A3-9474-1A3956D46DE8}") = "azurefunctions", "azurefunctions", "{3BA2027C-725F-4DE9-DF64-F90CF2BC55E0}"
EndProject
Project("{FAE04EC0-301F-11D3-BF4B-00C04F79EFBC}") = "extensions", "samples\azurefunctions\extensions.csproj", "{07BC7C01-58B2-3E06-72E2-2C23561862F8}"
EndProject
Global
	GlobalSection(SolutionConfigurationPlatforms) = preSolution
		Debug|Any CPU = Debug|Any CPU
		Release|Any CPU = Release|Any CPU
	EndGlobalSection
	GlobalSection(ProjectConfigurationPlatforms) = postSolution
		{07BC7C01-58B2-3E06-72E2-2C23561862F8}.Debug|Any CPU.ActiveCfg = Debug|Any CPU
		{07BC7C01-58B2-3E06-72E2-2C23561862F8}.Debug|Any CPU.Build.0 = Debug|Any CPU
		{07BC7C01-58B2-3E06-72E2-2C23561862F8}.Release|Any CPU.ActiveCfg = Release|Any CPU
		{07BC7C01-58B2-3E06-72E2-2C23561862F8}.Release|Any CPU.Build.0 = Release|Any CPU
	EndGlobalSection
	GlobalSection(SolutionProperties) = preSolution
		HideSolutionNode = FALSE
	EndGlobalSection
	GlobalSection(NestedProjects) = preSolution
		{3BA2027C-725F-4DE9-DF64-F90CF2BC55E0} = {5D20AA90-6969-D8BD-9DCD-8634F4692FDA}
		{07BC7C01-58B2-3E06-72E2-2C23561862F8} = {3BA2027C-725F-4DE9-DF64-F90CF2BC55E0}
	EndGlobalSection
	GlobalSection(ExtensibilityGlobals) = postSolution
		SolutionGuid = {DFD8CC42-5718-4910-A344-6548AA206C5C}
	EndGlobalSection
EndGlobal
